{
  "name": "zeratul_node",
  "version": "1.0.0",
  "lockfileVersion": 1,
  "requires": true,
  "dependencies": {
    "@types/node": {
      "version": "12.7.2",
      "resolved": "https://registry.npm.taobao.org/@types/node/download/@types/node-12.7.2.tgz",
      "integrity": "sha1-xOY69eiCPOnMPws097mYwhcfDEQ="
    },
    "ajv": {
      "version": "6.10.2",
      "resolved": "https://registry.npm.taobao.org/ajv/download/ajv-6.10.2.tgz?cache=0&sync_timestamp=1563141444360&other_urls=https%3A%2F%2Fregistry.npm.taobao.org%2Fajv%2Fdownload%2Fajv-6.10.2.tgz",
      "integrity": "sha1-086gTWsBeyiUrWkED+yLYj60vVI=",
      "requires": {
        "fast-deep-equal": "^2.0.1",
        "fast-json-stable-stringify": "^2.0.0",
        "json-schema-traverse": "^0.4.1",
        "uri-js": "^4.2.2"
      }
    },
    "asn1": {
      "version": "0.2.4",
      "resolved": "https://registry.npm.taobao.org/asn1/download/asn1-0.2.4.tgz",
      "integrity": "sha1-jSR136tVO7M+d7VOWeiAu4ziMTY=",
      "requires": {
        "safer-buffer": "~2.1.0"
      }
    },
    "assert-plus": {
      "version": "1.0.0",
      "resolved": "https://registry.npm.taobao.org/assert-plus/download/assert-plus-1.0.0.tgz",
      "integrity": "sha1-8S4PPF13sLHN2RRpQuTpbB5N1SU="
    },
    "asynckit": {
      "version": "0.4.0",
      "resolved": "https://registry.npm.taobao.org/asynckit/download/asynckit-0.4.0.tgz",
      "integrity": "sha1-x57Zf380y48robyXkLzDZkdLS3k="
    },
    "aws-sign2": {
      "version": "0.7.0",
      "resolved": "https://registry.npm.taobao.org/aws-sign2/download/aws-sign2-0.7.0.tgz",
      "integrity": "sha1-tG6JCTSpWR8tL2+G1+ap8bP+dqg="
    },
    "aws4": {
      "version": "1.8.0",
      "resolved": "https://registry.npm.taobao.org/aws4/download/aws4-1.8.0.tgz",
      "integrity": "sha1-8OAD2cqef1nHpQiUXXsu+aBKVC8="
    },
    "axios": {
      "version": "0.19.0",
      "resolved": "https://registry.npm.taobao.org/axios/download/axios-0.19.0.tgz",
      "integrity": "sha1-jgm/89kSLhM/e4EByPvdAO09Krg=",
      "requires": {
        "follow-redirects": "1.5.10",
        "is-buffer": "^2.0.2"
      }
    },
    "bcrypt-pbkdf": {
      "version": "1.0.2",
      "resolved": "https://registry.npm.taobao.org/bcrypt-pbkdf/download/bcrypt-pbkdf-1.0.2.tgz",
      "integrity": "sha1-pDAdOJtqQ/m2f/PKEaP2Y342Dp4=",
      "requires": {
        "tweetnacl": "^0.14.3"
      }
    },
    "boolbase": {
      "version": "1.0.0",
      "resolved": "https://registry.npm.taobao.org/boolbase/download/boolbase-1.0.0.tgz",
      "integrity": "sha1-aN/1++YMUes3cl6p4+0xDcwed24="
    },
    "caseless": {
      "version": "0.12.0",
      "resolved": "https://registry.npm.taobao.org/caseless/download/caseless-0.12.0.tgz",
      "integrity": "sha1-G2gcIf+EAzyCZUMJBolCDRhxUdw="
    },
    "cheerio": {
      "version": "1.0.0-rc.3",
      "resolved": "https://registry.npm.taobao.org/cheerio/download/cheerio-1.0.0-rc.3.tgz",
      "integrity": "sha1-CUY21CWy6cD065GkbAVjDJoai/Y=",
      "requires": {
        "css-select": "~1.2.0",
        "dom-serializer": "~0.1.1",
        "entities": "~1.1.1",
        "htmlparser2": "^3.9.1",
        "lodash": "^4.15.0",
        "parse5": "^3.0.1"
      }
    },
    "combined-stream": {
      "version": "1.0.8",
      "resolved": "https://registry.npm.taobao.org/combined-stream/download/combined-stream-1.0.8.tgz",
      "integrity": "sha1-w9RaizT9cwYxoRCoolIGgrMdWn8=",
      "requires": {
        "delayed-stream": "~1.0.0"
      }
    },
    "core-util-is": {
      "version": "1.0.2",
      "resolved": "https://registry.npm.taobao.org/core-util-is/download/core-util-is-1.0.2.tgz",
      "integrity": "sha1-tf1UIgqivFq1eqtxQMlAdUUDwac="
    },
    "css-select": {
      "version": "1.2.0",
      "resolved": "https://registry.npm.taobao.org/css-select/download/css-select-1.2.0.tgz",
      "integrity": "sha1-KzoRBTnFNV8c2NMUYj6HCxIeyFg=",
      "requires": {
        "boolbase": "~1.0.0",
        "css-what": "2.1",
        "domutils": "1.5.1",
        "nth-check": "~1.0.1"
      }
    },
    "css-what": {
      "version": "2.1.3",
      "resolved": "https://registry.npm.taobao.org/css-what/download/css-what-2.1.3.tgz",
      "integrity": "sha1-ptdgRXM2X+dGhsPzEcVlE9iChfI="
    },
    "dashdash": {
      "version": "1.14.1",
      "resolved": "https://registry.npm.taobao.org/dashdash/download/dashdash-1.14.1.tgz",
      "integrity": "sha1-hTz6D3y+L+1d4gMmuN1YEDX24vA=",
      "requires": {
        "assert-plus": "^1.0.0"
      }
    },
    "date-format": {
      "version": "2.1.0",
      "resolved": "https://registry.npm.taobao.org/date-format/download/date-format-2.1.0.tgz",
      "integrity": "sha1-MdW16iEc9f12TNOLr50DPffhJc8="
    },
    "debug": {
      "version": "3.1.0",
      "resolved": "https://registry.npm.taobao.org/debug/download/debug-3.1.0.tgz?cache=0&other_urls=https%3A%2F%2Fregistry.npm.taobao.org%2Fdebug%2Fdownload%2Fdebug-3.1.0.tgz",
      "integrity": "sha1-W7WgZyYotkFJVmuhaBnmFRjGcmE=",
      "requires": {
        "ms": "2.0.0"
      }
    },
    "delayed-stream": {
      "version": "1.0.0",
      "resolved": "https://registry.npm.taobao.org/delayed-stream/download/delayed-stream-1.0.0.tgz",
      "integrity": "sha1-3zrhmayt+31ECqrgsp4icrJOxhk="
    },
    "dom-serializer": {
      "version": "0.1.1",
      "resolved": "https://registry.npm.taobao.org/dom-serializer/download/dom-serializer-0.1.1.tgz",
      "integrity": "sha1-HsQFnihLq+027sKUHUqXChic58A=",
      "requires": {
        "domelementtype": "^1.3.0",
        "entities": "^1.1.1"
      }
    },
    "domelementtype": {
      "version": "1.3.1",
      "resolved": "https://registry.npm.taobao.org/domelementtype/download/domelementtype-1.3.1.tgz?cache=0&other_urls=https%3A%2F%2Fregistry.npm.taobao.org%2Fdomelementtype%2Fdownload%2Fdomelementtype-1.3.1.tgz",
      "integrity": "sha1-0EjESzew0Qp/Kj1f7j9DM9eQSB8="
    },
    "domhandler": {
      "version": "2.4.2",
      "resolved": "https://registry.npm.taobao.org/domhandler/download/domhandler-2.4.2.tgz",
      "integrity": "sha1-iAUJfpM9ZehVRvcm1g9euItE+AM=",
      "requires": {
        "domelementtype": "1"
      }
    },
    "domutils": {
      "version": "1.5.1",
      "resolved": "https://registry.npm.taobao.org/domutils/download/domutils-1.5.1.tgz?cache=0&other_urls=https%3A%2F%2Fregistry.npm.taobao.org%2Fdomutils%2Fdownload%2Fdomutils-1.5.1.tgz",
      "integrity": "sha1-3NhIiib1Y9YQeeSMn3t+Mjc2gs8=",
      "requires": {
        "dom-serializer": "0",
        "domelementtype": "1"
      }
    },
    "ecc-jsbn": {
      "version": "0.1.2",
      "resolved": "https://registry.npm.taobao.org/ecc-jsbn/download/ecc-jsbn-0.1.2.tgz",
      "integrity": "sha1-OoOpBOVDUyh4dMVkt1SThoSamMk=",
      "requires": {
        "jsbn": "~0.1.0",
        "safer-buffer": "^2.1.0"
      }
    },
    "entities": {
      "version": "1.1.2",
      "resolved": "https://registry.npm.taobao.org/entities/download/entities-1.1.2.tgz",
      "integrity": "sha1-vfpzUplmTfr9NFKe1PhSKidf6lY="
    },
    "extend": {
      "version": "3.0.2",
      "resolved": "https://registry.npm.taobao.org/extend/download/extend-3.0.2.tgz",
      "integrity": "sha1-+LETa0Bx+9jrFAr/hYsQGewpFfo="
    },
    "extsprintf": {
      "version": "1.3.0",
      "resolved": "https://registry.npm.taobao.org/extsprintf/download/extsprintf-1.3.0.tgz",
      "integrity": "sha1-lpGEQOMEGnpBT4xS48V06zw+HgU="
    },
    "fast-deep-equal": {
      "version": "2.0.1",
      "resolved": "https://registry.npm.taobao.org/fast-deep-equal/download/fast-deep-equal-2.0.1.tgz?cache=0&sync_timestamp=1562517919182&other_urls=https%3A%2F%2Fregistry.npm.taobao.org%2Ffast-deep-equal%2Fdownload%2Ffast-deep-equal-2.0.1.tgz",
      "integrity": "sha1-ewUhjd+WZ79/Nwv3/bLLFf3Qqkk="
    },
    "fast-json-stable-stringify": {
      "version": "2.0.0",
      "resolved": "https://registry.npm.taobao.org/fast-json-stable-stringify/download/fast-json-stable-stringify-2.0.0.tgz",
      "integrity": "sha1-1RQsDK7msRifh9OnYREGT4bIu/I="
    },
    "flatted": {
      "version": "2.0.1",
      "resolved": "https://registry.npm.taobao.org/flatted/download/flatted-2.0.1.tgz?cache=0&sync_timestamp=1561466276595&other_urls=https%3A%2F%2Fregistry.npm.taobao.org%2Fflatted%2Fdownload%2Fflatted-2.0.1.tgz",
      "integrity": "sha1-aeV8qo8OrLwoHS4stFjUb9tEngg="
    },
    "follow-redirects": {
      "version": "1.5.10",
      "resolved": "https://registry.npm.taobao.org/follow-redirects/download/follow-redirects-1.5.10.tgz",
      "integrity": "sha1-e3qfmuov3/NnhqlP9kPtB/T/Xio=",
      "requires": {
        "debug": "=3.1.0"
      }
    },
    "forever-agent": {
      "version": "0.6.1",
      "resolved": "https://registry.npm.taobao.org/forever-agent/download/forever-agent-0.6.1.tgz",
      "integrity": "sha1-+8cfDEGt6zf5bFd60e1C2P2sypE="
    },
    "form-data": {
      "version": "2.3.3",
      "resolved": "https://registry.npm.taobao.org/form-data/download/form-data-2.3.3.tgz",
      "integrity": "sha1-3M5SwF9kTymManq5Nr1yTO/786Y=",
      "requires": {
        "asynckit": "^0.4.0",
        "combined-stream": "^1.0.6",
        "mime-types": "^2.1.12"
      }
    },
    "fs-extra": {
      "version": "8.1.0",
      "resolved": "https://registry.npm.taobao.org/fs-extra/download/fs-extra-8.1.0.tgz?cache=0&other_urls=https%3A%2F%2Fregistry.npm.taobao.org%2Ffs-extra%2Fdownload%2Ffs-extra-8.1.0.tgz",
      "integrity": "sha1-SdQ8RaiM2Wd2aMt74bRu/bjS4cA=",
      "requires": {
        "graceful-fs": "^4.2.0",
        "jsonfile": "^4.0.0",
        "universalify": "^0.1.0"
      }
    },
    "getpass": {
      "version": "0.1.7",
      "resolved": "https://registry.npm.taobao.org/getpass/download/getpass-0.1.7.tgz",
      "integrity": "sha1-Xv+OPmhNVprkyysSgmBOi6YhSfo=",
      "requires": {
        "assert-plus": "^1.0.0"
      }
    },
    "graceful-fs": {
      "version": "4.2.2",
      "resolved": "https://registry.npm.taobao.org/graceful-fs/download/graceful-fs-4.2.2.tgz",
      "integrity": "sha1-bwlSYF0BQMHP2xOO0AV3W5LWewI="
    },
    "har-schema": {
      "version": "2.0.0",
      "resolved": "https://registry.npm.taobao.org/har-schema/download/har-schema-2.0.0.tgz",
      "integrity": "sha1-qUwiJOvKwEeCoNkDVSHyRzW37JI="
    },
    "har-validator": {
      "version": "5.1.3",
      "resolved": "https://registry.npm.taobao.org/har-validator/download/har-validator-5.1.3.tgz",
      "integrity": "sha1-HvievT5JllV2de7ZiTEQ3DUPoIA=",
      "requires": {
        "ajv": "^6.5.5",
        "har-schema": "^2.0.0"
      }
    },
    "htmlparser2": {
      "version": "3.10.1",
      "resolved": "https://registry.npm.taobao.org/htmlparser2/download/htmlparser2-3.10.1.tgz?cache=0&sync_timestamp=1564773692945&other_urls=https%3A%2F%2Fregistry.npm.taobao.org%2Fhtmlparser2%2Fdownload%2Fhtmlparser2-3.10.1.tgz",
      "integrity": "sha1-vWedw/WYl7ajS7EHSchVu1OpOS8=",
      "requires": {
        "domelementtype": "^1.3.1",
        "domhandler": "^2.3.0",
        "domutils": "^1.5.1",
        "entities": "^1.1.1",
        "inherits": "^2.0.1",
        "readable-stream": "^3.1.1"
      }
    },
    "http-signature": {
      "version": "1.2.0",
      "resolved": "https://registry.npm.taobao.org/http-signature/download/http-signature-1.2.0.tgz",
      "integrity": "sha1-muzZJRFHcvPZW2WmCruPfBj7rOE=",
      "requires": {
        "assert-plus": "^1.0.0",
        "jsprim": "^1.2.2",
        "sshpk": "^1.7.0"
      }
    },
    "inherits": {
      "version": "2.0.4",
      "resolved": "https://registry.npm.taobao.org/inherits/download/inherits-2.0.4.tgz?cache=0&sync_timestamp=1560975547815&other_urls=https%3A%2F%2Fregistry.npm.taobao.org%2Finherits%2Fdownload%2Finherits-2.0.4.tgz",
      "integrity": "sha1-D6LGT5MpF8NDOg3tVTY6rjdBa3w="
    },
    "is-buffer": {
      "version": "2.0.3",
      "resolved": "https://registry.npm.taobao.org/is-buffer/download/is-buffer-2.0.3.tgz",
      "integrity": "sha1-Ts8/z3ScvR5HJonhCaxmJhol5yU="
    },
    "is-typedarray": {
      "version": "1.0.0",
      "resolved": "https://registry.npm.taobao.org/is-typedarray/download/is-typedarray-1.0.0.tgz",
      "integrity": "sha1-5HnICFjfDBsR3dppQPlgEfzaSpo="
    },
    "isstream": {
      "version": "0.1.2",
      "resolved": "https://registry.npm.taobao.org/isstream/download/isstream-0.1.2.tgz",
      "integrity": "sha1-R+Y/evVa+m+S4VAOaQ64uFKcCZo="
    },
    "jsbn": {
      "version": "0.1.1",
      "resolved": "https://registry.npm.taobao.org/jsbn/download/jsbn-0.1.1.tgz",
      "integrity": "sha1-peZUwuWi3rXyAdls77yoDA7y9RM="
    },
    "json-schema": {
      "version": "0.2.3",
      "resolved": "https://registry.npm.taobao.org/json-schema/download/json-schema-0.2.3.tgz",
      "integrity": "sha1-tIDIkuWaLwWVTOcnvT8qTogvnhM="
    },
    "json-schema-traverse": {
      "version": "0.4.1",
      "resolved": "https://registry.npm.taobao.org/json-schema-traverse/download/json-schema-traverse-0.4.1.tgz",
      "integrity": "sha1-afaofZUTq4u4/mO9sJecRI5oRmA="
    },
    "json-stringify-safe": {
      "version": "5.0.1",
      "resolved": "https://registry.npm.taobao.org/json-stringify-safe/download/json-stringify-safe-5.0.1.tgz",
      "integrity": "sha1-Epai1Y/UXxmg9s4B1lcB4sc1tus="
    },
    "jsonfile": {
      "version": "4.0.0",
      "resolved": "https://registry.npm.taobao.org/jsonfile/download/jsonfile-4.0.0.tgz",
      "integrity": "sha1-h3Gq4HmbZAdrdmQPygWPnBDjPss=",
      "requires": {
        "graceful-fs": "^4.1.6"
      }
    },
    "jsprim": {
      "version": "1.4.1",
      "resolved": "https://registry.npm.taobao.org/jsprim/download/jsprim-1.4.1.tgz",
      "integrity": "sha1-MT5mvB5cwG5Di8G3SZwuXFastqI=",
      "requires": {
        "assert-plus": "1.0.0",
        "extsprintf": "1.3.0",
        "json-schema": "0.2.3",
        "verror": "1.10.0"
      }
    },
    "lodash": {
      "version": "4.17.15",
      "resolved": "https://registry.npm.taobao.org/lodash/download/lodash-4.17.15.tgz?cache=0&sync_timestamp=1563508077056&other_urls=https%3A%2F%2Fregistry.npm.taobao.org%2Flodash%2Fdownload%2Flodash-4.17.15.tgz",
      "integrity": "sha1-tEf2ZwoEVbv+7dETku/zMOoJdUg="
    },
    "log4js": {
      "version": "5.0.0",
      "resolved": "https://registry.npm.taobao.org/log4js/download/log4js-5.0.0.tgz",
      "integrity": "sha1-gTNSlHnNxuI3Gyy2wp8oXS0/Tzw=",
      "requires": {
        "date-format": "^2.1.0",
        "debug": "^4.1.1",
        "flatted": "^2.0.1",
        "rfdc": "^1.1.4",
        "streamroller": "^2.0.0"
      },
      "dependencies": {
        "debug": {
          "version": "4.1.1",
          "resolved": "https://registry.npm.taobao.org/debug/download/debug-4.1.1.tgz?cache=0&other_urls=https%3A%2F%2Fregistry.npm.taobao.org%2Fdebug%2Fdownload%2Fdebug-4.1.1.tgz",
          "integrity": "sha1-O3ImAlUQnGtYnO4FDx1RYTlmR5E=",
          "requires": {
            "ms": "^2.1.1"
          }
        },
        "ms": {
          "version": "2.1.2",
          "resolved": "https://registry.npm.taobao.org/ms/download/ms-2.1.2.tgz?cache=0&other_urls=https%3A%2F%2Fregistry.npm.taobao.org%2Fms%2Fdownload%2Fms-2.1.2.tgz",
          "integrity": "sha1-0J0fNXtEP0kzgqjrPM0YOHKuYAk="
        }
      }
    },
    "mime-db": {
      "version": "1.40.0",
      "resolved": "https://registry.npm.taobao.org/mime-db/download/mime-db-1.40.0.tgz",
      "integrity": "sha1-plBX6ZjbCQ9zKmj2wnbTh9QSbDI="
    },
    "mime-types": {
      "version": "2.1.24",
      "resolved": "https://registry.npm.taobao.org/mime-types/download/mime-types-2.1.24.tgz?cache=0&other_urls=https%3A%2F%2Fregistry.npm.taobao.org%2Fmime-types%2Fdownload%2Fmime-types-2.1.24.tgz",
      "integrity": "sha1-tvjQs+lR77d97eyhlM/20W9nb4E=",
      "requires": {
        "mime-db": "1.40.0"
      }
    },
    "ms": {
      "version": "2.0.0",
      "resolved": "https://registry.npm.taobao.org/ms/download/ms-2.0.0.tgz?cache=0&other_urls=https%3A%2F%2Fregistry.npm.taobao.org%2Fms%2Fdownload%2Fms-2.0.0.tgz",
      "integrity": "sha1-VgiurfwAvmwpAd9fmGF4jeDVl8g="
    },
    "nth-check": {
      "version": "1.0.2",
      "resolved": "https://registry.npm.taobao.org/nth-check/download/nth-check-1.0.2.tgz",
      "integrity": "sha1-sr0pXDfj3VijvwcAN2Zjuk2c8Fw=",
      "requires": {
        "boolbase": "~1.0.0"
      }
    },
    "oauth-sign": {
      "version": "0.9.0",
      "resolved": "https://registry.npm.taobao.org/oauth-sign/download/oauth-sign-0.9.0.tgz",
      "integrity": "sha1-R6ewFrqmi1+g7PPe4IqFxnmsZFU="
    },
    "parse5": {
      "version": "3.0.3",
      "resolved": "https://registry.npm.taobao.org/parse5/download/parse5-3.0.3.tgz",
      "integrity": "sha1-BC95L/3TaFFVHPTp4Gazh0q0W1w=",
      "requires": {
        "@types/node": "*"
      }
    },
    "performance-now": {
      "version": "2.1.0",
      "resolved": "https://registry.npm.taobao.org/performance-now/download/performance-now-2.1.0.tgz",
      "integrity": "sha1-Ywn04OX6kT7BxpMHrjZLSzd8nns="
    },
    "psl": {
      "version": "1.3.0",
      "resolved": "https://registry.npm.taobao.org/psl/download/psl-1.3.0.tgz",
      "integrity": "sha1-4ev2o7VWT6g3bz2iJ12nbYdcob0="
    },
    "punycode": {
      "version": "2.1.1",
      "resolved": "https://registry.npm.taobao.org/punycode/download/punycode-2.1.1.tgz",
      "integrity": "sha1-tYsBCsQMIsVldhbI0sLALHv0eew="
    },
    "qs": {
      "version": "6.5.2",
      "resolved": "https://registry.npm.taobao.org/qs/download/qs-6.5.2.tgz?cache=0&other_urls=https%3A%2F%2Fregistry.npm.taobao.org%2Fqs%2Fdownload%2Fqs-6.5.2.tgz",
      "integrity": "sha1-yzroBuh0BERYTvFUzo7pjUA/PjY="
    },
    "readable-stream": {
      "version": "3.4.0",
      "resolved": "https://registry.npm.taobao.org/readable-stream/download/readable-stream-3.4.0.tgz?cache=0&other_urls=https%3A%2F%2Fregistry.npm.taobao.org%2Freadable-stream%2Fdownload%2Freadable-stream-3.4.0.tgz",
      "integrity": "sha1-pRwmdUZY4KPCHb9ZFjvUW6b0R/w=",
      "requires": {
        "inherits": "^2.0.3",
        "string_decoder": "^1.1.1",
        "util-deprecate": "^1.0.1"
      }
    },
    "request": {
      "version": "2.88.0",
      "resolved": "https://registry.npm.taobao.org/request/download/request-2.88.0.tgz",
      "integrity": "sha1-nC/KT301tZLv5Xx/ClXoEFIST+8=",
      "requires": {
        "aws-sign2": "~0.7.0",
        "aws4": "^1.8.0",
        "caseless": "~0.12.0",
        "combined-stream": "~1.0.6",
        "extend": "~3.0.2",
        "forever-agent": "~0.6.1",
        "form-data": "~2.3.2",
        "har-validator": "~5.1.0",
        "http-signature": "~1.2.0",
        "is-typedarray": "~1.0.0",
        "isstream": "~0.1.2",
        "json-stringify-safe": "~5.0.1",
        "mime-types": "~2.1.19",
        "oauth-sign": "~0.9.0",
        "performance-now": "^2.1.0",
        "qs": "~6.5.2",
        "safe-buffer": "^5.1.2",
        "tough-cookie": "~2.4.3",
        "tunnel-agent": "^0.6.0",
        "uuid": "^3.3.2"
      }
    },
    "rfdc": {
      "version": "1.1.4",
      "resolved": "https://registry.npm.taobao.org/rfdc/download/rfdc-1.1.4.tgz",
      "integrity": "sha1-unLME2egzNnPgahws7WL060H+MI="
    },
    "safe-buffer": {
      "version": "5.2.0",
      "resolved": "https://registry.npm.taobao.org/safe-buffer/download/safe-buffer-5.2.0.tgz",
      "integrity": "sha1-t02uxJsRSPiMZLaNSbHoFcHy9Rk="
    },
    "safer-buffer": {
      "version": "2.1.2",
      "resolved": "https://registry.npm.taobao.org/safer-buffer/download/safer-buffer-2.1.2.tgz?cache=0&other_urls=https%3A%2F%2Fregistry.npm.taobao.org%2Fsafer-buffer%2Fdownload%2Fsafer-buffer-2.1.2.tgz",
      "integrity": "sha1-RPoWGwGHuVSd2Eu5GAL5vYOFzWo="
    },
    "sshpk": {
      "version": "1.16.1",
      "resolved": "https://registry.npm.taobao.org/sshpk/download/sshpk-1.16.1.tgz",
      "integrity": "sha1-+2YcC+8ps520B2nuOfpwCT1vaHc=",
      "requires": {
        "asn1": "~0.2.3",
        "assert-plus": "^1.0.0",
        "bcrypt-pbkdf": "^1.0.0",
        "dashdash": "^1.12.0",
        "ecc-jsbn": "~0.1.1",
        "getpass": "^0.1.1",
        "jsbn": "~0.1.0",
        "safer-buffer": "^2.0.2",
        "tweetnacl": "~0.14.0"
      }
    },
    "streamroller": {
      "version": "2.1.0",
      "resolved": "https://registry.npm.taobao.org/streamroller/download/streamroller-2.1.0.tgz?cache=0&sync_timestamp=1566280630598&other_urls=https%3A%2F%2Fregistry.npm.taobao.org%2Fstreamroller%2Fdownload%2Fstreamroller-2.1.0.tgz",
      "integrity": "sha1-cC3k27pCjILtP/yHp1ohphAn5GE=",
      "requires": {
        "date-format": "^2.1.0",
        "debug": "^4.1.1",
        "fs-extra": "^8.1.0"
      },
      "dependencies": {
        "debug": {
          "version": "4.1.1",
          "resolved": "https://registry.npm.taobao.org/debug/download/debug-4.1.1.tgz?cache=0&other_urls=https%3A%2F%2Fregistry.npm.taobao.org%2Fdebug%2Fdownload%2Fdebug-4.1.1.tgz",
          "integrity": "sha1-O3ImAlUQnGtYnO4FDx1RYTlmR5E=",
          "requires": {
            "ms": "^2.1.1"
          }
        },
        "ms": {
          "version": "2.1.2",
          "resolved": "https://registry.npm.taobao.org/ms/download/ms-2.1.2.tgz?cache=0&other_urls=https%3A%2F%2Fregistry.npm.taobao.org%2Fms%2Fdownload%2Fms-2.1.2.tgz",
          "integrity": "sha1-0J0fNXtEP0kzgqjrPM0YOHKuYAk="
        }
      }
    },
    "string_decoder": {
      "version": "1.3.0",
      "resolved": "https://registry.npm.taobao.org/string_decoder/download/string_decoder-1.3.0.tgz",
      "integrity": "sha1-QvEUWUpGzxqOMLCoT1bHjD7awh4=",
      "requires": {
        "safe-buffer": "~5.2.0"
      }
    },
    "tough-cookie": {
      "version": "2.4.3",
      "resolved": "https://registry.npm.taobao.org/tough-cookie/download/tough-cookie-2.4.3.tgz",
      "integrity": "sha1-U/Nto/R3g7CSWvoG/587FlKA94E=",
      "requires": {
        "psl": "^1.1.24",
        "punycode": "^1.4.1"
      },
      "dependencies": {
        "punycode": {
          "version": "1.4.1",
          "resolved": "https://registry.npm.taobao.org/punycode/download/punycode-1.4.1.tgz",
          "integrity": "sha1-wNWmOycYgArY4esPpSachN1BhF4="
        }
      }
    },
    "tunnel-agent": {
      "version": "0.6.0",
      "resolved": "https://registry.npm.taobao.org/tunnel-agent/download/tunnel-agent-0.6.0.tgz",
      "integrity": "sha1-J6XeoGs2sEoKmWZ3SykIaPD8QP0=",
      "requires": {
        "safe-buffer": "^5.0.1"
      }
    },
    "tweetnacl": {
      "version": "0.14.5",
      "resolved": "https://registry.npm.taobao.org/tweetnacl/download/tweetnacl-0.14.5.tgz",
      "integrity": "sha1-WuaBd/GS1EViadEIr6k/+HQ/T2Q="
    },
    "universalify": {
      "version": "0.1.2",
      "resolved": "https://registry.npm.taobao.org/universalify/download/universalify-0.1.2.tgz",
      "integrity": "sha1-tkb2m+OULavOzJ1mOcgNwQXvqmY="
    },
    "uri-js": {
      "version": "4.2.2",
      "resolved": "https://registry.npm.taobao.org/uri-js/download/uri-js-4.2.2.tgz",
      "integrity": "sha1-lMVA4f93KVbiKZUHwBCupsiDjrA=",
      "requires": {
        "punycode": "^2.1.0"
      }
    },
    "util-deprecate": {
      "version": "1.0.2",
      "resolved": "https://registry.npm.taobao.org/util-deprecate/download/util-deprecate-1.0.2.tgz",
      "integrity": "sha1-RQ1Nyfpw3nMnYvvS1KKJgUGaDM8="
    },
    "uuid": {
      "version": "3.3.3",
      "resolved": "https://registry.npm.taobao.org/uuid/download/uuid-3.3.3.tgz",
      "integrity": "sha1-RWjwIW54dg7h2/Ok0s9T4iQRKGY="
    },
    "verror": {
      "version": "1.10.0",
      "resolved": "https://registry.npm.taobao.org/verror/download/verror-1.10.0.tgz?cache=0&other_urls=https%3A%2F%2Fregistry.npm.taobao.org%2Fverror%2Fdownload%2Fverror-1.10.0.tgz",
      "integrity": "sha1-OhBcoXBTr1XW4nDB+CiGguGNpAA=",
      "requires": {
        "assert-plus": "^1.0.0",
        "core-util-is": "1.0.2",
        "extsprintf": "^1.2.0"
      }
    }
  }
}
